// !$*UTF8*$!
{
	archiveVersion = 1;
	classes = {
	};
	objectVersion = 51;
	objects = {

/* Begin PBXBuildFile section */
		55999DBB893F130F52745DA4 /* Pods_AutoLayout.framework in Frameworks */ = {isa = PBXBuildFile; fileRef = 160DBF70BCBC9FBA66A80D58 /* Pods_AutoLayout.framework */; };
		7624EAB6250F7CB6003AF934 /* AppDelegate.swift in Sources */ = {isa = PBXBuildFile; fileRef = 7624EAB5250F7CB6003AF934 /* AppDelegate.swift */; };
		7624EAB8250F7CB6003AF934 /* SceneDelegate.swift in Sources */ = {isa = PBXBuildFile; fileRef = 7624EAB7250F7CB6003AF934 /* SceneDelegate.swift */; };
		7624EABA250F7CB6003AF934 /* ViewController.swift in Sources */ = {isa = PBXBuildFile; fileRef = 7624EAB9250F7CB6003AF934 /* ViewController.swift */; };
		7624EABD250F7CB6003AF934 /* Main.storyboard in Resources */ = {isa = PBXBuildFile; fileRef = 7624EABB250F7CB6003AF934 /* Main.storyboard */; };
		7624EABF250F7CB8003AF934 /* Assets.xcassets in Resources */ = {isa = PBXBuildFile; fileRef = 7624EABE250F7CB8003AF934 /* Assets.xcassets */; };
		7624EAC2250F7CB8003AF934 /* LaunchScreen.storyboard in Resources */ = {isa = PBXBuildFile; fileRef = 7624EAC0250F7CB8003AF934 /* LaunchScreen.storyboard */; };
		7693080A27A5932400EF47F1 /* SnapKitView.swift in Sources */ = {isa = PBXBuildFile; fileRef = 7693080927A5932400EF47F1 /* SnapKitView.swift */; };
/* End PBXBuildFile section */

/* Begin PBXFileReference section */
		160DBF70BCBC9FBA66A80D58 /* Pods_AutoLayout.framework */ = {isa = PBXFileReference; explicitFileType = wrapper.framework; includeInIndex = 0; path = Pods_AutoLayout.framework; sourceTree = BUILT_PRODUCTS_DIR; };
		7624EAB2250F7CB6003AF934 /* AutoLayout.app */ = {isa = PBXFileReference; explicitFileType = wrapper.application; includeInIndex = 0; path = AutoLayout.app; sourceTree = BUILT_PRODUCTS_DIR; };
		7624EAB5250F7CB6003AF934 /* AppDelegate.swift */ = {isa = PBXFileReference; lastKnownFileType = sourcecode.swift; path = AppDelegate.swift; sourceTree = "<group>"; };
		7624EAB7250F7CB6003AF934 /* SceneDelegate.swift */ = {isa = PBXFileReference; lastKnownFileType = sourcecode.swift; path = SceneDelegate.swift; sourceTree = "<group>"; };
		7624EAB9250F7CB6003AF934 /* ViewController.swift */ = {isa = PBXFileReference; lastKnownFileType = sourcecode.swift; path = ViewController.swift; sourceTree = "<group>"; };
		7624EABC250F7CB6003AF934 /* Base */ = {isa = PBXFileReference; lastKnownFileType = file.storyboard; name = Base; path = Base.lproj/Main.storyboard; sourceTree = "<group>"; };
		7624EABE250F7CB8003AF934 /* Assets.xcassets */ = {isa = PBXFileReference; lastKnownFileType = folder.assetcatalog; path = Assets.xcassets; sourceTree = "<group>"; };
		7624EAC1250F7CB8003AF934 /* Base */ = {isa = PBXFileReference; lastKnownFileType = file.storyboard; name = Base; path = Base.lproj/LaunchScreen.storyboard; sourceTree = "<group>"; };
		7624EAC3250F7CB8003AF934 /* Info.plist */ = {isa = PBXFileReference; lastKnownFileType = text.plist.xml; path = Info.plist; sourceTree = "<group>"; };
		7693080927A5932400EF47F1 /* SnapKitView.swift */ = {isa = PBXFileReference; lastKnownFileType = sourcecode.swift; path = SnapKitView.swift; sourceTree = "<group>"; };
		CE4F6B6E89814B634F6C2AB3 /* Pods-AutoLayout.release.xcconfig */ = {isa = PBXFileReference; includeInIndex = 1; lastKnownFileType = text.xcconfig; name = "Pods-AutoLayout.release.xcconfig"; path = "Target Support Files/Pods-AutoLayout/Pods-AutoLayout.release.xcconfig"; sourceTree = "<group>"; };
		D07F5C95B2335060419C3C65 /* Pods-AutoLayout.debug.xcconfig */ = {isa = PBXFileReference; includeInIndex = 1; lastKnownFileType = text.xcconfig; name = "Pods-AutoLayout.debug.xcconfig"; path = "Target Support Files/Pods-AutoLayout/Pods-AutoLayout.debug.xcconfig"; sourceTree = "<group>"; };
/* End PBXFileReference section */

/* Begin PBXFrameworksBuildPhase section */
		7624EAAF250F7CB6003AF934 /* Frameworks */ = {
			isa = PBXFrameworksBuildPhase;
			buildActionMask = 2147483647;
			files = (
				55999DBB893F130F52745DA4 /* Pods_AutoLayout.framework in Frameworks */,
			);
			runOnlyForDeploymentPostprocessing = 0;
		};
/* End PBXFrameworksBuildPhase section */

/* Begin PBXGroup section */
		460259E2EE0374B22FD20B4C /* Pods */ = {
			isa = PBXGroup;
			children = (
				D07F5C95B2335060419C3C65 /* Pods-AutoLayout.debug.xcconfig */,
				CE4F6B6E89814B634F6C2AB3 /* Pods-AutoLayout.release.xcconfig */,
			);
			path = Pods;
			sourceTree = "<group>";
		};
		7624EAA9250F7CB6003AF934 = {
			isa = PBXGroup;
			children = (
				7624EAB4250F7CB6003AF934 /* AutoLayout */,
				7624EAB3250F7CB6003AF934 /* Products */,
				460259E2EE0374B22FD20B4C /* Pods */,
				B0C5989E2D16814349B2F810 /* Frameworks */,
			);
			sourceTree = "<group>";
		};
		7624EAB3250F7CB6003AF934 /* Products */ = {
			isa = PBXGroup;
			children = (
				7624EAB2250F7CB6003AF934 /* AutoLayout.app */,
			);
			name = Products;
			sourceTree = "<group>";
		};
		7624EAB4250F7CB6003AF934 /* AutoLayout */ = {
			isa = PBXGroup;
			children = (
				7624EAB5250F7CB6003AF934 /* AppDelegate.swift */,
				7624EAB7250F7CB6003AF934 /* SceneDelegate.swift */,
				7624EAB9250F7CB6003AF934 /* ViewController.swift */,
				7693080927A5932400EF47F1 /* SnapKitView.swift */,
				7624EABB250F7CB6003AF934 /* Main.storyboard */,
				7624EABE250F7CB8003AF934 /* Assets.xcassets */,
				7624EAC0250F7CB8003AF934 /* LaunchScreen.storyboard */,
				7624EAC3250F7CB8003AF934 /* Info.plist */,
			);
			path = AutoLayout;
			sourceTree = "<group>";
		};
		B0C5989E2D16814349B2F810 /* Frameworks */ = {
			isa = PBXGroup;
			children = (
				160DBF70BCBC9FBA66A80D58 /* Pods_AutoLayout.framework */,
			);
			name = Frameworks;
			sourceTree = "<group>";
		};
/* End PBXGroup section */

/* Begin PBXNativeTarget section */
		7624EAB1250F7CB6003AF934 /* AutoLayout */ = {
			isa = PBXNativeTarget;
			buildConfigurationList = 7624EAC6250F7CB8003AF934 /* Build configuration list for PBXNativeTarget "AutoLayout" */;
			buildPhases = (
				6E5002CFB714A7E55CD78F1C /* [CP] Check Pods Manifest.lock */,
				7624EAAE250F7CB6003AF934 /* Sources */,
				7624EAAF250F7CB6003AF934 /* Frameworks */,
				7624EAB0250F7CB6003AF934 /* Resources */,
				3030A22FBDBE5B07F28ADDA7 /* [CP] Embed Pods Frameworks */,
			);
			buildRules = (
			);
			dependencies = (
			);
			name = AutoLayout;
			productName = AutoLayout;
			productReference = 7624EAB2250F7CB6003AF934 /* AutoLayout.app */;
			productType = "com.apple.product-type.application";
		};
/* End PBXNativeTarget section */

/* Begin PBXProject section */
		7624EAAA250F7CB6003AF934 /* Project object */ = {
			isa = PBXProject;
			attributes = {
				LastSwiftUpdateCheck = 1200;
				LastUpgradeCheck = 1200;
				TargetAttributes = {
					7624EAB1250F7CB6003AF934 = {
						CreatedOnToolsVersion = 12.0;
					};
				};
			};
			buildConfigurationList = 7624EAAD250F7CB6003AF934 /* Build configuration list for PBXProject "AutoLayout" */;
			compatibilityVersion = "Xcode 9.3";
			developmentRegion = en;
			hasScannedForEncodings = 0;
			knownRegions = (
				en,
				Base,
			);
			mainGroup = 7624EAA9250F7CB6003AF934;
			productRefGroup = 7624EAB3250F7CB6003AF934 /* Products */;
			projectDirPath = "";
			projectRoot = "";
			targets = (
				7624EAB1250F7CB6003AF934 /* AutoLayout */,
			);
		};
/* End PBXProject section */

/* Begin PBXResourcesBuildPhase section */
		7624EAB0250F7CB6003AF934 /* Resources */ = {
			isa = PBXResourcesBuildPhase;
			buildActionMask = 2147483647;
			files = (
				7624EAC2250F7CB8003AF934 /* LaunchScreen.storyboard in Resources */,
				7624EABF250F7CB8003AF934 /* Assets.xcassets in Resources */,
				7624EABD250F7CB6003AF934 /* Main.storyboard in Resources */,
			);
			runOnlyForDeploymentPostprocessing = 0;
		};
/* End PBXResourcesBuildPhase section */

/* Begin PBXShellScriptBuildPhase section */
		3030A22FBDBE5B07F28ADDA7 /* [CP] Embed Pods Frameworks */ = {
			isa = PBXShellScriptBuildPhase;
			buildActionMask = 2147483647;
			files = (
			);
			inputFileListPaths = (
				"${PODS_ROOT}/Target Support Files/Pods-AutoLayout/Pods-AutoLayout-frameworks-${CONFIGURATION}-input-files.xcfilelist",
			);
			name = "[CP] Embed Pods Frameworks";
			outputFileListPaths = (
				"${PODS_ROOT}/Target Support Files/Pods-AutoLayout/Pods-AutoLayout-frameworks-${CONFIGURATION}-output-files.xcfilelist",
			);
			runOnlyForDeploymentPostprocessing = 0;
			shellPath = /bin/sh;
			shellScript = "\"${PODS_ROOT}/Target Support Files/Pods-AutoLayout/Pods-AutoLayout-frameworks.sh\"\n";
			showEnvVarsInLog = 0;
		};
		6E5002CFB714A7E55CD78F1C /* [CP] Check Pods Manifest.lock */ = {
			isa = PBXShellScriptBuildPhase;
			buildActionMask = 2147483647;
			files = (
			);
			inputFileListPaths = (
			);
			inputPaths = (
				"${PODS_PODFILE_DIR_PATH}/Podfile.lock",
				"${PODS_ROOT}/Manifest.lock",
			);
			name = "[CP] Check Pods Manifest.lock";
			outputFileListPaths = (
			);
			outputPaths = (
				"$(DERIVED_FILE_DIR)/Pods-AutoLayout-checkManifestLockResult.txt",
			);
			runOnlyForDeploymentPostprocessing = 0;
			shellPath = /bin/sh;
			shellScript = "diff \"${PODS_PODFILE_DIR_PATH}/Podfile.lock\" \"${PODS_ROOT}/Manifest.lock\" > /dev/null\nif [ $? != 0 ] ; then\n    # print error to STDERR\n    echo \"error: The sandbox is not in sync with the Podfile.lock. Run 'pod install' or update your CocoaPods installation.\" >&2\n    exit 1\nfi\n# This output is used by Xcode 'outputs' to avoid re-running this script phase.\necho \"SUCCESS\" > \"${SCRIPT_OUTPUT_FILE_0}\"\n";
			showEnvVarsInLog = 0;
		};
/* End PBXShellScriptBuildPhase section */

/* Begin PBXSourcesBuildPhase section */
		7624EAAE250F7CB6003AF934 /* Sources */ = {
			isa = PBXSourcesBuildPhase;
			buildActionMask = 2147483647;
			files = (
				7624EABA250F7CB6003AF934 /* ViewController.swift in Sources */,
				7693080A27A5932400EF47F1 /* SnapKitView.swift in Sources */,
				7624EAB6250F7CB6003AF934 /* AppDelegate.swift in Sources */,
				7624EAB8250F7CB6003AF934 /* SceneDelegate.swift in Sources */,
			);
			runOnlyForDeploymentPostprocessing = 0;
		};
/* End PBXSourcesBuildPhase section */

/* Begin PBXVariantGroup section */
		7624EABB250F7CB6003AF934 /* Main.storyboard */ = {
			isa = PBXVariantGroup;
			children = (
				7624EABC250F7CB6003AF934 /* Base */,
			);
			name = Main.storyboard;
			sourceTree = "<group>";
		};
		7624EAC0250F7CB8003AF934 /* LaunchScreen.storyboard */ = {
			isa = PBXVariantGroup;
			children = (
				7624EAC1250F7CB8003AF934 /* Base */,
			);
			name = LaunchScreen.storyboard;
			sourceTree = "<group>";
		};
/* End PBXVariantGroup section */

/* Begin XCBuildConfiguration section */
		7624EAC4250F7CB8003AF934 /* Debug */ = {
			isa = XCBuildConfiguration;
			buildSettings = {
				ALWAYS_SEARCH_USER_PATHS = NO;
				CLANG_ANALYZER_NONNULL = YES;
				CLANG_ANALYZER_NUMBER_OBJECT_CONVERSION = YES_AGGRESSIVE;
				CLANG_CXX_LANGUAGE_STANDARD = "gnu++14";
				CLANG_CXX_LIBRARY = "libc++";
				CLANG_ENABLE_MODULES = YES;
				CLANG_ENABLE_OBJC_ARC = YES;
				CLANG_ENABLE_OBJC_WEAK = YES;
				CLANG_WARN_BLOCK_CAPTURE_AUTORELEASING = YES;
				CLANG_WARN_BOOL_CONVERSION = YES;
				CLANG_WARN_COMMA = YES;
				CLANG_WARN_CONSTANT_CONVERSION = YES;
				CLANG_WARN_DEPRECATED_OBJC_IMPLEMENTATIONS = YES;
				CLANG_WARN_DIRECT_OBJC_ISA_USAGE = YES_ERROR;
				CLANG_WARN_DOCUMENTATION_COMMENTS = YES;
				CLANG_WARN_EMPTY_BODY = YES;
				CLANG_WARN_ENUM_CONVERSION = YES;
				CLANG_WARN_INFINITE_RECURSION = YES;
				CLANG_WARN_INT_CONVERSION = YES;
				CLANG_WARN_NON_LITERAL_NULL_CONVERSION = YES;
				CLANG_WARN_OBJC_IMPLICIT_RETAIN_SELF = YES;
				CLANG_WARN_OBJC_LITERAL_CONVERSION = YES;
				CLANG_WARN_OBJC_ROOT_CLASS = YES_ERROR;
				CLANG_WARN_QUOTED_INCLUDE_IN_FRAMEWORK_HEADER = YES;
				CLANG_WARN_RANGE_LOOP_ANALYSIS = YES;
				CLANG_WARN_STRICT_PROTOTYPES = YES;
				CLANG_WARN_SUSPICIOUS_MOVE = YES;
				CLANG_WARN_UNGUARDED_AVAILABILITY = YES_AGGRESSIVE;
				CLANG_WARN_UNREACHABLE_CODE = YES;
				CLANG_WARN__DUPLICATE_METHOD_MATCH = YES;
				COPY_PHASE_STRIP = NO;
				DEBUG_INFORMATION_FORMAT = dwarf;
				ENABLE_STRICT_OBJC_MSGSEND = YES;
				ENABLE_TESTABILITY = YES;
				GCC_C_LANGUAGE_STANDARD = gnu11;
				GCC_DYNAMIC_NO_PIC = NO;
				GCC_NO_COMMON_BLOCKS = YES;
				GCC_OPTIMIZATION_LEVEL = 0;
				GCC_PREPROCESSOR_DEFINITIONS = (
					"DEBUG=1",
					"$(inherited)",
				);
				GCC_WARN_64_TO_32_BIT_CONVERSION = YES;
				GCC_WARN_ABOUT_RETURN_TYPE = YES_ERROR;
				GCC_WARN_UNDECLARED_SELECTOR = YES;
				GCC_WARN_UNINITIALIZED_AUTOS = YES_AGGRESSIVE;
				GCC_WARN_UNUSED_FUNCTION = YES;
				GCC_WARN_UNUSED_VARIABLE = YES;
				IPHONEOS_DEPLOYMENT_TARGET = 14.0;
				MTL_ENABLE_DEBUG_INFO = INCLUDE_SOURCE;
				MTL_FAST_MATH = YES;
				ONLY_ACTIVE_ARCH = YES;
				SDKROOT = iphoneos;
				SWIFT_ACTIVE_COMPILATION_CONDITIONS = DEBUG;
				SWIFT_OPTIMIZATION_LEVEL = "-Onone";
			};
			name = Debug;
		};
		7624EAC5250F7CB8003AF934 /* Release */ = {
			isa = XCBuildConfiguration;
			buildSettings = {
				ALWAYS_SEARCH_USER_PATHS = NO;
				CLANG_ANALYZER_NONNULL = YES;
				CLANG_ANALYZER_NUMBER_OBJECT_CONVERSION = YES_AGGRESSIVE;
				CLANG_CXX_LANGUAGE_STANDARD = "gnu++14";
				CLANG_CXX_LIBRARY = "libc++";
				CLANG_ENABLE_MODULES = YES;
				CLANG_ENABLE_OBJC_ARC = YES;
				CLANG_ENABLE_OBJC_WEAK = YES;
				CLANG_WARN_BLOCK_CAPTURE_AUTORELEASING = YES;
				CLANG_WARN_BOOL_CONVERSION = YES;
				CLANG_WARN_COMMA = YES;
				CLANG_WARN_CONSTANT_CONVERSION = YES;
				CLANG_WARN_DEPRECATED_OBJC_IMPLEMENTATIONS = YES;
				CLANG_WARN_DIRECT_OBJC_ISA_USAGE = YES_ERROR;
				CLANG_WARN_DOCUMENTATION_COMMENTS = YES;
				CLANG_WARN_EMPTY_BODY = YES;
				CLANG_WARN_ENUM_CONVERSION = YES;
				CLANG_WARN_INFINITE_RECURSION = YES;
				CLANG_WARN_INT_CONVERSION = YES;
				CLANG_WARN_NON_LITERAL_NULL_CONVERSION = YES;
				CLANG_WARN_OBJC_IMPLICIT_RETAIN_SELF = YES;
				CLANG_WARN_OBJC_LITERAL_CONVERSION = YES;
				CLANG_WARN_OBJC_ROOT_CLASS = YES_ERROR;
				CLANG_WARN_QUOTED_INCLUDE_IN_FRAMEWORK_HEADER = YES;
				CLANG_WARN_RANGE_LOOP_ANALYSIS = YES;
				CLANG_WARN_STRICT_PROTOTYPES = YES;
				CLANG_WARN_SUSPICIOUS_MOVE = YES;
				CLANG_WARN_UNGUARDED_AVAILABILITY = YES_AGGRESSIVE;
				CLANG_WARN_UNREACHABLE_CODE = YES;
				CLANG_WARN__DUPLICATE_METHOD_MATCH = YES;
				COPY_PHASE_STRIP = NO;
				DEBUG_INFORMATION_FORMAT = "dwarf-with-dsym";
				ENABLE_NS_ASSERTIONS = NO;
				ENABLE_STRICT_OBJC_MSGSEND = YES;
				GCC_C_LANGUAGE_STANDARD = gnu11;
				GCC_NO_COMMON_BLOCKS = YES;
				GCC_WARN_64_TO_32_BIT_CONVERSION = YES;
				GCC_WARN_ABOUT_RETURN_TYPE = YES_ERROR;
				GCC_WARN_UNDECLARED_SELECTOR = YES;
				GCC_WARN_UNINITIALIZED_AUTOS = YES_AGGRESSIVE;
				GCC_WARN_UNUSED_FUNCTION = YES;
				GCC_WARN_UNUSED_VARIABLE = YES;
				IPHONEOS_DEPLOYMENT_TARGET = 14.0;
				MTL_ENABLE_DEBUG_INFO = NO;
				MTL_FAST_MATH = YES;
				SDKROOT = iphoneos;
				SWIFT_COMPILATION_MODE = wholemodule;
				SWIFT_OPTIMIZATION_LEVEL = "-O";
				VALIDATE_PRODUCT = YES;
			};
			name = Release;
		};
		7624EAC7250F7CB8003AF934 /* Debug */ = {
			isa = XCBuildConfiguration;
			baseConfigurationReference = D07F5C95B2335060419C3C65 /* Pods-AutoLayout.debug.xcconfig */;
			buildSettings = {
				ASSETCATALOG_COMPILER_APPICON_NAME = AppIcon;
				ASSETCATALOG_COMPILER_GLOBAL_ACCENT_COLOR_NAME = AccentColor;
				CODE_SIGN_STYLE = Automatic;
				DEVELOPMENT_TEAM = P9MW78T4QB;
				INFOPLIST_FILE = AutoLayout/Info.plist;
				LD_RUNPATH_SEARCH_PATHS = (
					"$(inherited)",
					"@executable_path/Frameworks",
				);
				PRODUCT_BUNDLE_IDENTIFIER = com.AutoLayout;
				PRODUCT_NAME = "$(TARGET_NAME)";
				SWIFT_VERSION = 5.0;
				TARGETED_DEVICE_FAMILY = "1,2";
			};
			name = Debug;
		};
		7624EAC8250F7CB8003AF934 /* Release */ = {
			isa = XCBuildConfiguration;
			baseConfigurationReference = CE4F6B6E89814B634F6C2AB3 /* Pods-AutoLayout.release.xcconfig */;
			buildSettings = {
				ASSETCATALOG_COMPILER_APPICON_NAME = AppIcon;
				ASSETCATALOG_COMPILER_GLOBAL_ACCENT_COLOR_NAME = AccentColor;
				CODE_SIGN_STYLE = Automatic;
				DEVELOPMENT_TEAM = P9MW78T4QB;
				INFOPLIST_FILE = AutoLayout/Info.plist;
				LD_RUNPATH_SEARCH_PATHS = (
					"$(inherited)",
					"@executable_path/Frameworks",
				);
				PRODUCT_BUNDLE_IDENTIFIER = com.AutoLayout;
				PRODUCT_NAME = "$(TARGET_NAME)";
				SWIFT_VERSION = 5.0;
				TARGETED_DEVICE_FAMILY = "1,2";
			};
			name = Release;
		};
/* End XCBuildConfiguration section */

/* Begin XCConfigurationList section */
		7624EAAD250F7CB6003AF934 /* Build configuration list for PBXProject "AutoLayout" */ = {
			isa = XCConfigurationList;
			buildConfigurations = (
				7624EAC4250F7CB8003AF934 /* Debug */,
				7624EAC5250F7CB8003AF934 /* Release */,
			);
			defaultConfigurationIsVisible = 0;
			defaultConfigurationName = Release;
		};
		7624EAC6250F7CB8003AF934 /* Build configuration list for PBXNativeTarget "AutoLayout" */ = {
			isa = XCConfigurationList;
			buildConfigurations = (
				7624EAC7250F7CB8003AF934 /* Debug */,
				7624EAC8250F7CB8003AF934 /* Release */,
			);
			defaultConfigurationIsVisible = 0;
			defaultConfigurationName = Release;
		};
/* End XCConfigurationList section */
	};
	rootObject = 7624EAAA250F7CB6003AF934 /* Project object */;
}
